
Microsoft Visual Studio Solution File, Format Version 12.00
# Visual Studio Version 17
VisualStudioVersion = 17.13.35919.96
MinimumVisualStudioVersion = 10.0.40219.1
Project("{FAE04EC0-301F-11D3-BF4B-00C04F79EFBC}") = "WPF_APOSTAR_MIGRACION", "WPF_APOSTAR_MIGRACION.csproj", "{BABB6617-D566-4AD5-A3AA-A8FCD8670361}"
EndProject
Global
	GlobalSection(SolutionConfigurationPlatforms) = preSolution
		Debug|Any CPU = Debug|Any CPU
		Release|Any CPU = Release|Any CPU
	EndGlobalSection
	GlobalSection(ProjectConfigurationPlatforms) = postSolution
		{BABB6617-D566-4AD5-A3AA-A8FCD8670361}.Debug|Any CPU.ActiveCfg = Debug|Any CPU
		{BABB6617-D566-4AD5-A3AA-A8FCD8670361}.Debug|Any CPU.Build.0 = Debug|Any CPU
		{BABB6617-D566-4AD5-A3AA-A8FCD8670361}.Release|Any CPU.ActiveCfg = Release|Any CPU
		{BABB6617-D566-4AD5-A3AA-A8FCD8670361}.Release|Any CPU.Build.0 = Release|Any CPU
	EndGlobalSection
	GlobalSection(SolutionProperties) = preSolution
		HideSolutionNode = FALSE
	EndGlobalSection
	GlobalSection(ExtensibilityGlobals) = postSolution
		SolutionGuid = {2BC56676-2033-4EEF-9973-FD0ABE7CC596}
	EndGlobalSection
EndGlobal
